// !$*UTF8*$!
{
	archiveVersion = 1;
	classes = {
	};
	objectVersion = 56;
	objects = {

/* Begin PBXBuildFile section */
		C6A7EF912944A71B00C38494 /* TestingAppApp.swift in Sources */ = {isa = PBXBuildFile; fileRef = C6A7EF902944A71B00C38494 /* TestingAppApp.swift */; };
		C6A7EF932944A71B00C38494 /* ContentView.swift in Sources */ = {isa = PBXBuildFile; fileRef = C6A7EF922944A71B00C38494 /* ContentView.swift */; };
		C6A7EF952944A71D00C38494 /* Assets.xcassets in Resources */ = {isa = PBXBuildFile; fileRef = C6A7EF942944A71D00C38494 /* Assets.xcassets */; };
		C6A7EF982944A71D00C38494 /* Preview Assets.xcassets in Resources */ = {isa = PBXBuildFile; fileRef = C6A7EF972944A71D00C38494 /* Preview Assets.xcassets */; };
		C6A7EFA22944A71D00C38494 /* TestingAppTests.swift in Sources */ = {isa = PBXBuildFile; fileRef = C6A7EFA12944A71D00C38494 /* TestingAppTests.swift */; };
		C6A7EFAC2944A71D00C38494 /* TestingAppUITests.swift in Sources */ = {isa = PBXBuildFile; fileRef = C6A7EFAB2944A71D00C38494 /* TestingAppUITests.swift */; };
		C6A7EFAE2944A71D00C38494 /* TestingAppUITestsLaunchTests.swift in Sources */ = {isa = PBXBuildFile; fileRef = C6A7EFAD2944A71D00C38494 /* TestingAppUITestsLaunchTests.swift */; };
/* End PBXBuildFile section */

/* Begin PBXContainerItemProxy section */
		C6A7EF9E2944A71D00C38494 /* PBXContainerItemProxy */ = {
			isa = PBXContainerItemProxy;
			containerPortal = C6A7EF852944A71B00C38494 /* Project object */;
			proxyType = 1;
			remoteGlobalIDString = C6A7EF8C2944A71B00C38494;
			remoteInfo = TestingApp;
		};
		C6A7EFA82944A71D00C38494 /* PBXContainerItemProxy */ = {
			isa = PBXContainerItemProxy;
			containerPortal = C6A7EF852944A71B00C38494 /* Project object */;
			proxyType = 1;
			remoteGlobalIDString = C6A7EF8C2944A71B00C38494;
			remoteInfo = TestingApp;
		};
/* End PBXContainerItemProxy section */

/* Begin PBXFileReference section */
		C6A7EF8D2944A71B00C38494 /* TestingApp.app */ = {isa = PBXFileReference; explicitFileType = wrapper.application; includeInIndex = 0; path = TestingApp.app; sourceTree = BUILT_PRODUCTS_DIR; };
		C6A7EF902944A71B00C38494 /* TestingAppApp.swift */ = {isa = PBXFileReference; lastKnownFileType = sourcecode.swift; path = TestingAppApp.swift; sourceTree = "<group>"; };
		C6A7EF922944A71B00C38494 /* ContentView.swift */ = {isa = PBXFileReference; lastKnownFileType = sourcecode.swift; path = ContentView.swift; sourceTree = "<group>"; };
		C6A7EF942944A71D00C38494 /* Assets.xcassets */ = {isa = PBXFileReference; lastKnownFileType = folder.assetcatalog; path = Assets.xcassets; sourceTree = "<group>"; };
		C6A7EF972944A71D00C38494 /* Preview Assets.xcassets */ = {isa = PBXFileReference; lastKnownFileType = folder.assetcatalog; path = "Preview Assets.xcassets"; sourceTree = "<group>"; };
		C6A7EF9D2944A71D00C38494 /* TestingAppTests.xctest */ = {isa = PBXFileReference; explicitFileType = wrapper.cfbundle; includeInIndex = 0; path = TestingAppTests.xctest; sourceTree = BUILT_PRODUCTS_DIR; };
		C6A7EFA12944A71D00C38494 /* TestingAppTests.swift */ = {isa = PBXFileReference; lastKnownFileType = sourcecode.swift; path = TestingAppTests.swift; sourceTree = "<group>"; };
		C6A7EFA72944A71D00C38494 /* TestingAppUITests.xctest */ = {isa = PBXFileReference; explicitFileType = wrapper.cfbundle; includeInIndex = 0; path = TestingAppUITests.xctest; sourceTree = BUILT_PRODUCTS_DIR; };
		C6A7EFAB2944A71D00C38494 /* TestingAppUITests.swift */ = {isa = PBXFileReference; lastKnownFileType = sourcecode.swift; path = TestingAppUITests.swift; sourceTree = "<group>"; };
		C6A7EFAD2944A71D00C38494 /* TestingAppUITestsLaunchTests.swift */ = {isa = PBXFileReference; lastKnownFileType = sourcecode.swift; path = TestingAppUITestsLaunchTests.swift; sourceTree = "<group>"; };
/* End PBXFileReference section */

/* Begin PBXFrameworksBuildPhase section */
		C6A7EF8A2944A71B00C38494 /* Frameworks */ = {
			isa = PBXFrameworksBuildPhase;
			buildActionMask = 2147483647;
			files = (
			);
			runOnlyForDeploymentPostprocessing = 0;
		};
		C6A7EF9A2944A71D00C38494 /* Frameworks */ = {
			isa = PBXFrameworksBuildPhase;
			buildActionMask = 2147483647;
			files = (
			);
			runOnlyForDeploymentPostprocessing = 0;
		};
		C6A7EFA42944A71D00C38494 /* Frameworks */ = {
			isa = PBXFrameworksBuildPhase;
			buildActionMask = 2147483647;
			files = (
			);
			runOnlyForDeploymentPostprocessing = 0;
		};
/* End PBXFrameworksBuildPhase section */

/* Begin PBXGroup section */
		C6A7EF842944A71B00C38494 = {
			isa = PBXGroup;
			children = (
				C6A7EF8F2944A71B00C38494 /* TestingApp */,
				C6A7EFA02944A71D00C38494 /* TestingAppTests */,
				C6A7EFAA2944A71D00C38494 /* TestingAppUITests */,
				C6A7EF8E2944A71B00C38494 /* Products */,
			);
			sourceTree = "<group>";
		};
		C6A7EF8E2944A71B00C38494 /* Products */ = {
			isa = PBXGroup;
			children = (
				C6A7EF8D2944A71B00C38494 /* TestingApp.app */,
				C6A7EF9D2944A71D00C38494 /* TestingAppTests.xctest */,
				C6A7EFA72944A71D00C38494 /* TestingAppUITests.xctest */,
			);
			name = Products;
			sourceTree = "<group>";
		};
		C6A7EF8F2944A71B00C38494 /* TestingApp */ = {
			isa = PBXGroup;
			children = (
				C6A7EF902944A71B00C38494 /* TestingAppApp.swift */,
				C6A7EF922944A71B00C38494 /* ContentView.swift */,
				C6A7EF942944A71D00C38494 /* Assets.xcassets */,
				C6A7EF962944A71D00C38494 /* Preview Content */,
			);
			path = TestingApp;
			sourceTree = "<group>";
		};
		C6A7EF962944A71D00C38494 /* Preview Content */ = {
			isa = PBXGroup;
			children = (
				C6A7EF972944A71D00C38494 /* Preview Assets.xcassets */,
			);
			path = "Preview Content";
			sourceTree = "<group>";
		};
		C6A7EFA02944A71D00C38494 /* TestingAppTests */ = {
			isa = PBXGroup;
			children = (
				C6A7EFA12944A71D00C38494 /* TestingAppTests.swift */,
			);
			path = TestingAppTests;
			sourceTree = "<group>";
		};
		C6A7EFAA2944A71D00C38494 /* TestingAppUITests */ = {
			isa = PBXGroup;
			children = (
				C6A7EFAB2944A71D00C38494 /* TestingAppUITests.swift */,
				C6A7EFAD2944A71D00C38494 /* TestingAppUITestsLaunchTests.swift */,
			);
			path = TestingAppUITests;
			sourceTree = "<group>";
		};
/* End PBXGroup section */

/* Begin PBXNativeTarget section */
		C6A7EF8C2944A71B00C38494 /* TestingApp */ = {
			isa = PBXNativeTarget;
			buildConfigurationList = C6A7EFB12944A71D00C38494 /* Build configuration list for PBXNativeTarget "TestingApp" */;
			buildPhases = (
				C6A7EF892944A71B00C38494 /* Sources */,
				C6A7EF8A2944A71B00C38494 /* Frameworks */,
				C6A7EF8B2944A71B00C38494 /* Resources */,
			);
			buildRules = (
			);
			dependencies = (
			);
			name = TestingApp;
			productName = TestingApp;
			productReference = C6A7EF8D2944A71B00C38494 /* TestingApp.app */;
			productType = "com.apple.product-type.application";
		};
		C6A7EF9C2944A71D00C38494 /* TestingAppTests */ = {
			isa = PBXNativeTarget;
			buildConfigurationList = C6A7EFB42944A71D00C38494 /* Build configuration list for PBXNativeTarget "TestingAppTests" */;
			buildPhases = (
				C6A7EF992944A71D00C38494 /* Sources */,
				C6A7EF9A2944A71D00C38494 /* Frameworks */,
				C6A7EF9B2944A71D00C38494 /* Resources */,
			);
			buildRules = (
			);
			dependencies = (
				C6A7EF9F2944A71D00C38494 /* PBXTargetDependency */,
			);
			name = TestingAppTests;
			productName = TestingAppTests;
			productReference = C6A7EF9D2944A71D00C38494 /* TestingAppTests.xctest */;
			productType = "com.apple.product-type.bundle.unit-test";
		};
		C6A7EFA62944A71D00C38494 /* TestingAppUITests */ = {
			isa = PBXNativeTarget;
			buildConfigurationList = C6A7EFB72944A71D00C38494 /* Build configuration list for PBXNativeTarget "TestingAppUITests" */;
			buildPhases = (
				C6A7EFA32944A71D00C38494 /* Sources */,
				C6A7EFA42944A71D00C38494 /* Frameworks */,
				C6A7EFA52944A71D00C38494 /* Resources */,
			);
			buildRules = (
			);
			dependencies = (
				C6A7EFA92944A71D00C38494 /* PBXTargetDependency */,
			);
			name = TestingAppUITests;
			productName = TestingAppUITests;
			productReference = C6A7EFA72944A71D00C38494 /* TestingAppUITests.xctest */;
			productType = "com.apple.product-type.bundle.ui-testing";
		};
/* End PBXNativeTarget section */

/* Begin PBXProject section */
		C6A7EF852944A71B00C38494 /* Project object */ = {
			isa = PBXProject;
			attributes = {
				BuildIndependentTargetsInParallel = 1;
				LastSwiftUpdateCheck = 1410;
				LastUpgradeCheck = 1410;
				TargetAttributes = {
					C6A7EF8C2944A71B00C38494 = {
						CreatedOnToolsVersion = 14.1;
					};
					C6A7EF9C2944A71D00C38494 = {
						CreatedOnToolsVersion = 14.1;
						TestTargetID = C6A7EF8C2944A71B00C38494;
					};
					C6A7EFA62944A71D00C38494 = {
						CreatedOnToolsVersion = 14.1;
						TestTargetID = C6A7EF8C2944A71B00C38494;
					};
				};
			};
			buildConfigurationList = C6A7EF882944A71B00C38494 /* Build configuration list for PBXProject "TestingApp" */;
			compatibilityVersion = "Xcode 14.0";
			developmentRegion = en;
			hasScannedForEncodings = 0;
			knownRegions = (
				en,
				Base,
			);
			mainGroup = C6A7EF842944A71B00C38494;
			productRefGroup = C6A7EF8E2944A71B00C38494 /* Products */;
			projectDirPath = "";
			projectRoot = "";
			targets = (
				C6A7EF8C2944A71B00C38494 /* TestingApp */,
				C6A7EF9C2944A71D00C38494 /* TestingAppTests */,
				C6A7EFA62944A71D00C38494 /* TestingAppUITests */,
			);
		};
/* End PBXProject section */

/* Begin PBXResourcesBuildPhase section */
		C6A7EF8B2944A71B00C38494 /* Resources */ = {
			isa = PBXResourcesBuildPhase;
			buildActionMask = 2147483647;
			files = (
				C6A7EF982944A71D00C38494 /* Preview Assets.xcassets in Resources */,
				C6A7EF952944A71D00C38494 /* Assets.xcassets in Resources */,
			);
			runOnlyForDeploymentPostprocessing = 0;
		};
		C6A7EF9B2944A71D00C38494 /* Resources */ = {
			isa = PBXResourcesBuildPhase;
			buildActionMask = 2147483647;
			files = (
			);
			runOnlyForDeploymentPostprocessing = 0;
		};
		C6A7EFA52944A71D00C38494 /* Resources */ = {
			isa = PBXResourcesBuildPhase;
			buildActionMask = 2147483647;
			files = (
			);
			runOnlyForDeploymentPostprocessing = 0;
		};
/* End PBXResourcesBuildPhase section */

/* Begin PBXSourcesBuildPhase section */
		C6A7EF892944A71B00C38494 /* Sources */ = {
			isa = PBXSourcesBuildPhase;
			buildActionMask = 2147483647;
			files = (
				C6A7EF932944A71B00C38494 /* ContentView.swift in Sources */,
				C6A7EF912944A71B00C38494 /* TestingAppApp.swift in Sources */,
			);
			runOnlyForDeploymentPostprocessing = 0;
		};
		C6A7EF992944A71D00C38494 /* Sources */ = {
			isa = PBXSourcesBuildPhase;
			buildActionMask = 2147483647;
			files = (
				C6A7EFA22944A71D00C38494 /* TestingAppTests.swift in Sources */,
			);
			runOnlyForDeploymentPostprocessing = 0;
		};
		C6A7EFA32944A71D00C38494 /* Sources */ = {
			isa = PBXSourcesBuildPhase;
			buildActionMask = 2147483647;
			files = (
				C6A7EFAC2944A71D00C38494 /* TestingAppUITests.swift in Sources */,
				C6A7EFAE2944A71D00C38494 /* TestingAppUITestsLaunchTests.swift in Sources */,
			);
			runOnlyForDeploymentPostprocessing = 0;
		};
/* End PBXSourcesBuildPhase section */

/* Begin PBXTargetDependency section */
		C6A7EF9F2944A71D00C38494 /* PBXTargetDependency */ = {
			isa = PBXTargetDependency;
			target = C6A7EF8C2944A71B00C38494 /* TestingApp */;
			targetProxy = C6A7EF9E2944A71D00C38494 /* PBXContainerItemProxy */;
		};
		C6A7EFA92944A71D00C38494 /* PBXTargetDependency */ = {
			isa = PBXTargetDependency;
			target = C6A7EF8C2944A71B00C38494 /* TestingApp */;
			targetProxy = C6A7EFA82944A71D00C38494 /* PBXContainerItemProxy */;
		};
/* End PBXTargetDependency section */

/* Begin XCBuildConfiguration section */
		C6A7EFAF2944A71D00C38494 /* Debug */ = {
			isa = XCBuildConfiguration;
			buildSettings = {
				ALWAYS_SEARCH_USER_PATHS = NO;
				CLANG_ANALYZER_NONNULL = YES;
				CLANG_ANALYZER_NUMBER_OBJECT_CONVERSION = YES_AGGRESSIVE;
				CLANG_CXX_LANGUAGE_STANDARD = "gnu++20";
				CLANG_ENABLE_MODULES = YES;
				CLANG_ENABLE_OBJC_ARC = YES;
				CLANG_ENABLE_OBJC_WEAK = YES;
				CLANG_WARN_BLOCK_CAPTURE_AUTORELEASING = YES;
				CLANG_WARN_BOOL_CONVERSION = YES;
				CLANG_WARN_COMMA = YES;
				CLANG_WARN_CONSTANT_CONVERSION = YES;
				CLANG_WARN_DEPRECATED_OBJC_IMPLEMENTATIONS = YES;
				CLANG_WARN_DIRECT_OBJC_ISA_USAGE = YES_ERROR;
				CLANG_WARN_DOCUMENTATION_COMMENTS = YES;
				CLANG_WARN_EMPTY_BODY = YES;
				CLANG_WARN_ENUM_CONVERSION = YES;
				CLANG_WARN_INFINITE_RECURSION = YES;
				CLANG_WARN_INT_CONVERSION = YES;
				CLANG_WARN_NON_LITERAL_NULL_CONVERSION = YES;
				CLANG_WARN_OBJC_IMPLICIT_RETAIN_SELF = YES;
				CLANG_WARN_OBJC_LITERAL_CONVERSION = YES;
				CLANG_WARN_OBJC_ROOT_CLASS = YES_ERROR;
				CLANG_WARN_QUOTED_INCLUDE_IN_FRAMEWORK_HEADER = YES;
				CLANG_WARN_RANGE_LOOP_ANALYSIS = YES;
				CLANG_WARN_STRICT_PROTOTYPES = YES;
				CLANG_WARN_SUSPICIOUS_MOVE = YES;
				CLANG_WARN_UNGUARDED_AVAILABILITY = YES_AGGRESSIVE;
				CLANG_WARN_UNREACHABLE_CODE = YES;
				CLANG_WARN__DUPLICATE_METHOD_MATCH = YES;
				COPY_PHASE_STRIP = NO;
				DEBUG_INFORMATION_FORMAT = dwarf;
				ENABLE_STRICT_OBJC_MSGSEND = YES;
				ENABLE_TESTABILITY = YES;
				GCC_C_LANGUAGE_STANDARD = gnu11;
				GCC_DYNAMIC_NO_PIC = NO;
				GCC_NO_COMMON_BLOCKS = YES;
				GCC_OPTIMIZATION_LEVEL = 0;
				GCC_PREPROCESSOR_DEFINITIONS = (
					"DEBUG=1",
					"$(inherited)",
				);
				GCC_WARN_64_TO_32_BIT_CONVERSION = YES;
				GCC_WARN_ABOUT_RETURN_TYPE = YES_ERROR;
				GCC_WARN_UNDECLARED_SELECTOR = YES;
				GCC_WARN_UNINITIALIZED_AUTOS = YES_AGGRESSIVE;
				GCC_WARN_UNUSED_FUNCTION = YES;
				GCC_WARN_UNUSED_VARIABLE = YES;
				IPHONEOS_DEPLOYMENT_TARGET = 16.1;
				MTL_ENABLE_DEBUG_INFO = INCLUDE_SOURCE;
				MTL_FAST_MATH = YES;
				ONLY_ACTIVE_ARCH = YES;
				SDKROOT = iphoneos;
				SWIFT_ACTIVE_COMPILATION_CONDITIONS = DEBUG;
				SWIFT_OPTIMIZATION_LEVEL = "-Onone";
			};
			name = Debug;
		};
		C6A7EFB02944A71D00C38494 /* Release */ = {
			isa = XCBuildConfiguration;
			buildSettings = {
				ALWAYS_SEARCH_USER_PATHS = NO;
				CLANG_ANALYZER_NONNULL = YES;
				CLANG_ANALYZER_NUMBER_OBJECT_CONVERSION = YES_AGGRESSIVE;
				CLANG_CXX_LANGUAGE_STANDARD = "gnu++20";
				CLANG_ENABLE_MODULES = YES;
				CLANG_ENABLE_OBJC_ARC = YES;
				CLANG_ENABLE_OBJC_WEAK = YES;
				CLANG_WARN_BLOCK_CAPTURE_AUTORELEASING = YES;
				CLANG_WARN_BOOL_CONVERSION = YES;
				CLANG_WARN_COMMA = YES;
				CLANG_WARN_CONSTANT_CONVERSION = YES;
				CLANG_WARN_DEPRECATED_OBJC_IMPLEMENTATIONS = YES;
				CLANG_WARN_DIRECT_OBJC_ISA_USAGE = YES_ERROR;
				CLANG_WARN_DOCUMENTATION_COMMENTS = YES;
				CLANG_WARN_EMPTY_BODY = YES;
				CLANG_WARN_ENUM_CONVERSION = YES;
				CLANG_WARN_INFINITE_RECURSION = YES;
				CLANG_WARN_INT_CONVERSION = YES;
				CLANG_WARN_NON_LITERAL_NULL_CONVERSION = YES;
				CLANG_WARN_OBJC_IMPLICIT_RETAIN_SELF = YES;
				CLANG_WARN_OBJC_LITERAL_CONVERSION = YES;
				CLANG_WARN_OBJC_ROOT_CLASS = YES_ERROR;
				CLANG_WARN_QUOTED_INCLUDE_IN_FRAMEWORK_HEADER = YES;
				CLANG_WARN_RANGE_LOOP_ANALYSIS = YES;
				CLANG_WARN_STRICT_PROTOTYPES = YES;
				CLANG_WARN_SUSPICIOUS_MOVE = YES;
				CLANG_WARN_UNGUARDED_AVAILABILITY = YES_AGGRESSIVE;
				CLANG_WARN_UNREACHABLE_CODE = YES;
				CLANG_WARN__DUPLICATE_METHOD_MATCH = YES;
				COPY_PHASE_STRIP = NO;
				DEBUG_INFORMATION_FORMAT = "dwarf-with-dsym";
				ENABLE_NS_ASSERTIONS = NO;
				ENABLE_STRICT_OBJC_MSGSEND = YES;
				GCC_C_LANGUAGE_STANDARD = gnu11;
				GCC_NO_COMMON_BLOCKS = YES;
				GCC_WARN_64_TO_32_BIT_CONVERSION = YES;
				GCC_WARN_ABOUT_RETURN_TYPE = YES_ERROR;
				GCC_WARN_UNDECLARED_SELECTOR = YES;
				GCC_WARN_UNINITIALIZED_AUTOS = YES_AGGRESSIVE;
				GCC_WARN_UNUSED_FUNCTION = YES;
				GCC_WARN_UNUSED_VARIABLE = YES;
				IPHONEOS_DEPLOYMENT_TARGET = 16.1;
				MTL_ENABLE_DEBUG_INFO = NO;
				MTL_FAST_MATH = YES;
				SDKROOT = iphoneos;
				SWIFT_COMPILATION_MODE = wholemodule;
				SWIFT_OPTIMIZATION_LEVEL = "-O";
				VALIDATE_PRODUCT = YES;
			};
			name = Release;
		};
		C6A7EFB22944A71D00C38494 /* Debug */ = {
			isa = XCBuildConfiguration;
			buildSettings = {
				ASSETCATALOG_COMPILER_APPICON_NAME = AppIcon;
				ASSETCATALOG_COMPILER_GLOBAL_ACCENT_COLOR_NAME = AccentColor;
				CODE_SIGN_STYLE = Automatic;
				CURRENT_PROJECT_VERSION = 1;
				DEVELOPMENT_ASSET_PATHS = "\"TestingApp/Preview Content\"";
				ENABLE_PREVIEWS = YES;
				GENERATE_INFOPLIST_FILE = YES;
				INFOPLIST_KEY_UIApplicationSceneManifest_Generation = YES;
				INFOPLIST_KEY_UIApplicationSupportsIndirectInputEvents = YES;
				INFOPLIST_KEY_UILaunchScreen_Generation = YES;
				INFOPLIST_KEY_UISupportedInterfaceOrientations_iPad = "UIInterfaceOrientationPortrait UIInterfaceOrientationPortraitUpsideDown UIInterfaceOrientationLandscapeLeft UIInterfaceOrientationLandscapeRight";
				INFOPLIST_KEY_UISupportedInterfaceOrientations_iPhone = "UIInterfaceOrientationPortrait UIInterfaceOrientationLandscapeLeft UIInterfaceOrientationLandscapeRight";
				LD_RUNPATH_SEARCH_PATHS = (
					"$(inherited)",
					"@executable_path/Frameworks",
				);
				MARKETING_VERSION = 1.0;
				PRODUCT_BUNDLE_IDENTIFIER = co.yasinsukrutan.ios.TestingApp;
				PRODUCT_NAME = "$(TARGET_NAME)";
				SWIFT_EMIT_LOC_STRINGS = YES;
				SWIFT_VERSION = 5.0;
				TARGETED_DEVICE_FAMILY = "1,2";
			};
			name = Debug;
		};
		C6A7EFB32944A71D00C38494 /* Release */ = {
			isa = XCBuildConfiguration;
			buildSettings = {
				ASSETCATALOG_COMPILER_APPICON_NAME = AppIcon;
				ASSETCATALOG_COMPILER_GLOBAL_ACCENT_COLOR_NAME = AccentColor;
				CODE_SIGN_STYLE = Automatic;
				CURRENT_PROJECT_VERSION = 1;
				DEVELOPMENT_ASSET_PATHS = "\"TestingApp/Preview Content\"";
				ENABLE_PREVIEWS = YES;
				GENERATE_INFOPLIST_FILE = YES;
				INFOPLIST_KEY_UIApplicationSceneManifest_Generation = YES;
				INFOPLIST_KEY_UIApplicationSupportsIndirectInputEvents = YES;
				INFOPLIST_KEY_UILaunchScreen_Generation = YES;
				INFOPLIST_KEY_UISupportedInterfaceOrientations_iPad = "UIInterfaceOrientationPortrait UIInterfaceOrientationPortraitUpsideDown UIInterfaceOrientationLandscapeLeft UIInterfaceOrientationLandscapeRight";
				INFOPLIST_KEY_UISupportedInterfaceOrientations_iPhone = "UIInterfaceOrientationPortrait UIInterfaceOrientationLandscapeLeft UIInterfaceOrientationLandscapeRight";
				LD_RUNPATH_SEARCH_PATHS = (
					"$(inherited)",
					"@executable_path/Frameworks",
				);
				MARKETING_VERSION = 1.0;
				PRODUCT_BUNDLE_IDENTIFIER = co.yasinsukrutan.ios.TestingApp;
				PRODUCT_NAME = "$(TARGET_NAME)";
				SWIFT_EMIT_LOC_STRINGS = YES;
				SWIFT_VERSION = 5.0;
				TARGETED_DEVICE_FAMILY = "1,2";
			};
			name = Release;
		};
		C6A7EFB52944A71D00C38494 /* Debug */ = {
			isa = XCBuildConfiguration;
			buildSettings = {
				ALWAYS_EMBED_SWIFT_STANDARD_LIBRARIES = YES;
				BUNDLE_LOADER = "$(TEST_HOST)";
				CODE_SIGN_STYLE = Automatic;
				CURRENT_PROJECT_VERSION = 1;
				GENERATE_INFOPLIST_FILE = YES;
				IPHONEOS_DEPLOYMENT_TARGET = 16.1;
				MARKETING_VERSION = 1.0;
				PRODUCT_BUNDLE_IDENTIFIER = co.yasinsukrutan.ios.TestingAppTests;
				PRODUCT_NAME = "$(TARGET_NAME)";
				SWIFT_EMIT_LOC_STRINGS = NO;
				SWIFT_VERSION = 5.0;
				TARGETED_DEVICE_FAMILY = "1,2";
				TEST_HOST = "$(BUILT_PRODUCTS_DIR)/TestingApp.app/$(BUNDLE_EXECUTABLE_FOLDER_PATH)/TestingApp";
			};
			name = Debug;
		};
		C6A7EFB62944A71D00C38494 /* Release */ = {
			isa = XCBuildConfiguration;
			buildSettings = {
				ALWAYS_EMBED_SWIFT_STANDARD_LIBRARIES = YES;
				BUNDLE_LOADER = "$(TEST_HOST)";
				CODE_SIGN_STYLE = Automatic;
				CURRENT_PROJECT_VERSION = 1;
				GENERATE_INFOPLIST_FILE = YES;
				IPHONEOS_DEPLOYMENT_TARGET = 16.1;
				MARKETING_VERSION = 1.0;
				PRODUCT_BUNDLE_IDENTIFIER = co.yasinsukrutan.ios.TestingAppTests;
				PRODUCT_NAME = "$(TARGET_NAME)";
				SWIFT_EMIT_LOC_STRINGS = NO;
				SWIFT_VERSION = 5.0;
				TARGETED_DEVICE_FAMILY = "1,2";
				TEST_HOST = "$(BUILT_PRODUCTS_DIR)/TestingApp.app/$(BUNDLE_EXECUTABLE_FOLDER_PATH)/TestingApp";
			};
			name = Release;
		};
		C6A7EFB82944A71D00C38494 /* Debug */ = {
			isa = XCBuildConfiguration;
			buildSettings = {
				ALWAYS_EMBED_SWIFT_STANDARD_LIBRARIES = YES;
				CODE_SIGN_STYLE = Automatic;
				CURRENT_PROJECT_VERSION = 1;
				GENERATE_INFOPLIST_FILE = YES;
				MARKETING_VERSION = 1.0;
				PRODUCT_BUNDLE_IDENTIFIER = co.yasinsukrutan.ios.TestingAppUITests;
				PRODUCT_NAME = "$(TARGET_NAME)";
				SWIFT_EMIT_LOC_STRINGS = NO;
				SWIFT_VERSION = 5.0;
				TARGETED_DEVICE_FAMILY = "1,2";
				TEST_TARGET_NAME = TestingApp;
			};
			name = Debug;
		};
		C6A7EFB92944A71D00C38494 /* Release */ = {
			isa = XCBuildConfiguration;
			buildSettings = {
				ALWAYS_EMBED_SWIFT_STANDARD_LIBRARIES = YES;
				CODE_SIGN_STYLE = Automatic;
				CURRENT_PROJECT_VERSION = 1;
				GENERATE_INFOPLIST_FILE = YES;
				MARKETING_VERSION = 1.0;
				PRODUCT_BUNDLE_IDENTIFIER = co.yasinsukrutan.ios.TestingAppUITests;
				PRODUCT_NAME = "$(TARGET_NAME)";
				SWIFT_EMIT_LOC_STRINGS = NO;
				SWIFT_VERSION = 5.0;
				TARGETED_DEVICE_FAMILY = "1,2";
				TEST_TARGET_NAME = TestingApp;
			};
			name = Release;
		};
/* End XCBuildConfiguration section */

/* Begin XCConfigurationList section */
		C6A7EF882944A71B00C38494 /* Build configuration list for PBXProject "TestingApp" */ = {
			isa = XCConfigurationList;
			buildConfigurations = (
				C6A7EFAF2944A71D00C38494 /* Debug */,
				C6A7EFB02944A71D00C38494 /* Release */,
			);
			defaultConfigurationIsVisible = 0;
			defaultConfigurationName = Release;
		};
		C6A7EFB12944A71D00C38494 /* Build configuration list for PBXNativeTarget "TestingApp" */ = {
			isa = XCConfigurationList;
			buildConfigurations = (
				C6A7EFB22944A71D00C38494 /* Debug */,
				C6A7EFB32944A71D00C38494 /* Release */,
			);
			defaultConfigurationIsVisible = 0;
			defaultConfigurationName = Release;
		};
		C6A7EFB42944A71D00C38494 /* Build configuration list for PBXNativeTarget "TestingAppTests" */ = {
			isa = XCConfigurationList;
			buildConfigurations = (
				C6A7EFB52944A71D00C38494 /* Debug */,
				C6A7EFB62944A71D00C38494 /* Release */,
			);
			defaultConfigurationIsVisible = 0;
			defaultConfigurationName = Release;
		};
		C6A7EFB72944A71D00C38494 /* Build configuration list for PBXNativeTarget "TestingAppUITests" */ = {
			isa = XCConfigurationList;
			buildConfigurations = (
				C6A7EFB82944A71D00C38494 /* Debug */,
				C6A7EFB92944A71D00C38494 /* Release */,
			);
			defaultConfigurationIsVisible = 0;
			defaultConfigurationName = Release;
		};
/* End XCConfigurationList section */
	};
	rootObject = C6A7EF852944A71B00C38494 /* Project object */;
}
